
Microsoft Visual Studio Solution File, Format Version 12.00
# Visual Studio Version 17
VisualStudioVersion = 17.3.32929.385
MinimumVisualStudioVersion = 10.0.40219.1
Project("{FAE04EC0-301F-11D3-BF4B-00C04F79EFBC}") = "PegaderoDeLaMula", "PegaderoDeLaMula\PegaderoDeLaMula.csproj", "{0DB73AA3-6DE9-47A5-B184-4C0ABFB5A06F}"
EndProject
Global
	GlobalSection(SolutionConfigurationPlatforms) = preSolution
		Debug|Any CPU = Debug|Any CPU
		Release|Any CPU = Release|Any CPU
	EndGlobalSection
	GlobalSection(ProjectConfigurationPlatforms) = postSolution
		{0DB73AA3-6DE9-47A5-B184-4C0ABFB5A06F}.Debug|Any CPU.ActiveCfg = Debug|Any CPU
		{0DB73AA3-6DE9-47A5-B184-4C0ABFB5A06F}.Debug|Any CPU.Build.0 = Debug|Any CPU
		{0DB73AA3-6DE9-47A5-B184-4C0ABFB5A06F}.Release|Any CPU.ActiveCfg = Release|Any CPU
		{0DB73AA3-6DE9-47A5-B184-4C0ABFB5A06F}.Release|Any CPU.Build.0 = Release|Any CPU
	EndGlobalSection
	GlobalSection(SolutionProperties) = preSolution
		HideSolutionNode = FALSE
	EndGlobalSection
	GlobalSection(ExtensibilityGlobals) = postSolution
		SolutionGuid = {27F44BF7-7E55-41F5-9B24-DC6A61D8ADDA}
	EndGlobalSection
EndGlobal
